{
    "_meta": {
        "hash": {
            "sha256": "6cd0b48d191df38cd9e8dd26c76050916051f1ad22a411fb63e2f33556332044"
        },
        "requires": {},
        "sources": [
            {
                "url": "https://pypi.python.org/simple",
                "verify_ssl": true
            }
        ]
    },
    "default": {
        "beautifulsoup4": {
            "hash": "sha256:0a91347d5a4ab2196407ff4d3d758f2e712cae9bdfa3fd1eb0f83edea95e0d8d",
            "version": "==4.5.3"
        },
        "requests": {
            "hash": "sha256:1a720e8862a41aa22e339373b526f508ef0c8988baf48b84d3fc891a8e237efb",
            "version": "==2.13.0"
        }
    },
    "develop": {}
}