{
    "_meta": {
        "hash": {
            "sha256": "07206f02fbda4eeac9403b0f8f5b5935e8899b3fa5d4dedf1dcbead46929f3fe"
        },
        "requires": {},
        "sources": [
            {
                "url": "https://pypi.python.org/simple",
                "verify_ssl": true
            }
        ]
    },
    "default": {
        "beautifulsoup4": {
            "hash": "sha256:0a91347d5a4ab2196407ff4d3d758f2e712cae9bdfa3fd1eb0f83edea95e0d8d",
            "version": "==4.5.3"
        },
        "requests": {
            "hash": "sha256:1a720e8862a41aa22e339373b526f508ef0c8988baf48b84d3fc891a8e237efb",
            "version": "==2.13.0"
        },
        "youtube_dl": {
            "hash": "sha256:dca0c704ca2d7482a9e5efb3ae2508184d98c0a40f2c6c3196365143a62e66f6",
            "version": "==2017.3.26"
        }
    },
    "develop": {}
}